
Microsoft Visual Studio Solution File, Format Version 12.00
# Visual Studio Version 16
VisualStudioVersion = 16.0.30717.126
MinimumVisualStudioVersion = 10.0.40219.1
Project("{FAE04EC0-301F-11D3-BF4B-00C04F79EFBC}") = "LojaVirtual", "LojaVirtual\LojaVirtual.csproj", "{0479F8BF-9B58-4400-8083-635272A63404}"
EndProject
Global
	GlobalSection(SolutionConfigurationPlatforms) = preSolution
		Debug|Any CPU = Debug|Any CPU
		Release|Any CPU = Release|Any CPU
	EndGlobalSection
	GlobalSection(ProjectConfigurationPlatforms) = postSolution
		{0479F8BF-9B58-4400-8083-635272A63404}.Debug|Any CPU.ActiveCfg = Debug|Any CPU
		{0479F8BF-9B58-4400-8083-635272A63404}.Debug|Any CPU.Build.0 = Debug|Any CPU
		{0479F8BF-9B58-4400-8083-635272A63404}.Release|Any CPU.ActiveCfg = Release|Any CPU
		{0479F8BF-9B58-4400-8083-635272A63404}.Release|Any CPU.Build.0 = Release|Any CPU
	EndGlobalSection
	GlobalSection(SolutionProperties) = preSolution
		HideSolutionNode = FALSE
	EndGlobalSection
	GlobalSection(ExtensibilityGlobals) = postSolution
		SolutionGuid = {7DA3F2AC-1058-49F7-A3B7-6673B78643B1}
	EndGlobalSection
EndGlobal
